{
  "lockfileVersion": 1,
  "configVersion": 0,
  "workspaces": {
    "": {
      "name": "tertium-css",
      "devDependencies": {
        "@tertium/js": "^3.0.0",
        "prettier": "^3.8.4",
      },
    },
  },
  "packages": {
    "@tertium/js": ["@tertium/js@3.0.0", "", { "peerDependencies": { "jose": "^6.0.0" }, "optionalPeers": ["jose"] }, "sha512-SY6pwaAkVPgQjCIpyKvSECAaZ8TL1K+cqXxnM1HUg2M2Lz5Njnika8AkYH99JNZZnb8KDmT/4cawGDpxEK6lfA=="],

    "prettier": ["prettier@3.8.4", "", { "bin": { "prettier": "bin/prettier.cjs" } }, "sha512-N2MylSdi48+5N/6S5j+maeHbUSIzzZ5uOcX5Hm4QpV8Dkb1HFjfAKTKX6yNPJQD9AhcT3ifHNB66tWTTJDi11Q=="],
  }
}
